
Microsoft Visual Studio Solution File, Format Version 12.00
# Visual Studio Version 16
VisualStudioVersion = 16.0.808.1
MinimumVisualStudioVersion = 10.0.40219.1
Project("{FAE04EC0-301F-11D3-BF4B-00C04F79EFBC}") = "AttireDaddy", "AttireDaddy\AttireDaddy.csproj", "{DFE6C4F8-EA59-4FC2-B138-2697682952B4}"
EndProject
Global
	GlobalSection(SolutionConfigurationPlatforms) = preSolution
		Debug|Any CPU = Debug|Any CPU
		Release|Any CPU = Release|Any CPU
	EndGlobalSection
	GlobalSection(ProjectConfigurationPlatforms) = postSolution
		{DFE6C4F8-EA59-4FC2-B138-2697682952B4}.Debug|Any CPU.ActiveCfg = Debug|Any CPU
		{DFE6C4F8-EA59-4FC2-B138-2697682952B4}.Debug|Any CPU.Build.0 = Debug|Any CPU
		{DFE6C4F8-EA59-4FC2-B138-2697682952B4}.Release|Any CPU.ActiveCfg = Release|Any CPU
		{DFE6C4F8-EA59-4FC2-B138-2697682952B4}.Release|Any CPU.Build.0 = Release|Any CPU
	EndGlobalSection
	GlobalSection(SolutionProperties) = preSolution
		HideSolutionNode = FALSE
	EndGlobalSection
	GlobalSection(ExtensibilityGlobals) = postSolution
		SolutionGuid = {0FFC3B46-0F07-4D5D-9938-F997B963BB03}
	EndGlobalSection
EndGlobal
